
Microsoft Visual Studio Solution File, Format Version 12.00
# Visual Studio Version 17
VisualStudioVersion = 17.11.35222.181
MinimumVisualStudioVersion = 10.0.40219.1
Project("{FAE04EC0-301F-11D3-BF4B-00C04F79EFBC}") = "HonorsDecor", "HonorsDecor\HonorsDecor.csproj", "{4CED4832-E2B7-4DDE-A841-959028B66C36}"
EndProject
Global
	GlobalSection(SolutionConfigurationPlatforms) = preSolution
		Debug|Any CPU = Debug|Any CPU
		Release|Any CPU = Release|Any CPU
	EndGlobalSection
	GlobalSection(ProjectConfigurationPlatforms) = postSolution
		{4CED4832-E2B7-4DDE-A841-959028B66C36}.Debug|Any CPU.ActiveCfg = Debug|Any CPU
		{4CED4832-E2B7-4DDE-A841-959028B66C36}.Debug|Any CPU.Build.0 = Debug|Any CPU
		{4CED4832-E2B7-4DDE-A841-959028B66C36}.Release|Any CPU.ActiveCfg = Release|Any CPU
		{4CED4832-E2B7-4DDE-A841-959028B66C36}.Release|Any CPU.Build.0 = Release|Any CPU
	EndGlobalSection
	GlobalSection(SolutionProperties) = preSolution
		HideSolutionNode = FALSE
	EndGlobalSection
	GlobalSection(ExtensibilityGlobals) = postSolution
		SolutionGuid = {C8D6239A-4D2A-4A65-BAB0-FEFA338CBAAE}
	EndGlobalSection
EndGlobal
